Microsoft Visual Studio Solution File, Format Version 12.00
# Visual Studio Version 17
VisualStudioVersion = 17.5.2.0
MinimumVisualStudioVersion = 10.0.40219.1
Project("{FAE04EC0-301F-11D3-BF4B-00C04F79EFBC}") = "DotNetWasmDemo", "DotNetWasmDemo.csproj", "{94C336E6-919E-99BD-E652-59EBDD2B3849}"
EndProject
Global
	GlobalSection(SolutionConfigurationPlatforms) = preSolution
		Debug|Any CPU = Debug|Any CPU
		Release|Any CPU = Release|Any CPU
	EndGlobalSection
	GlobalSection(ProjectConfigurationPlatforms) = postSolution
		{94C336E6-919E-99BD-E652-59EBDD2B3849}.Debug|Any CPU.ActiveCfg = Debug|Any CPU
		{94C336E6-919E-99BD-E652-59EBDD2B3849}.Debug|Any CPU.Build.0 = Debug|Any CPU
		{94C336E6-919E-99BD-E652-59EBDD2B3849}.Release|Any CPU.ActiveCfg = Release|Any CPU
		{94C336E6-919E-99BD-E652-59EBDD2B3849}.Release|Any CPU.Build.0 = Release|Any CPU
	EndGlobalSection
	GlobalSection(SolutionProperties) = preSolution
		HideSolutionNode = FALSE
	EndGlobalSection
	GlobalSection(ExtensibilityGlobals) = postSolution
		SolutionGuid = {D84BC2EE-3C87-4E2C-94E8-351695D83C65}
	EndGlobalSection
EndGlobal
